{
  "originHash" : "698c054c42c66606fbb1fe6d7ebb386e1c77a65e0737d583c7a730b8cf03f943",
  "pins" : [
    {
      "identity" : "swiftaxml",
      "kind" : "remoteSourceControl",
      "location" : "https://github.com/liu6x6/SwiftAXML.git",
      "state" : {
        "revision" : "b7e8b99a141fc82da444423731b8b71588d6b6d0"
      }
    },
    {
      "identity" : "zipfoundation",
      "kind" : "remoteSourceControl",
      "location" : "https://github.com/weichsel/ZIPFoundation.git",
      "state" : {
        "revision" : "02b6abe5f6eef7e3cbd5f247c5cc24e246efcfe0",
        "version" : "0.9.19"
      }
    }
  ],
  "version" : 3
}
