// !$*UTF8*$!
{
	archiveVersion = 1;
	classes = {
	};
	objectVersion = 77;
	objects = {

/* Begin PBXBuildFile section */
		55BC97352DFF0870008F9F5D /* QuickLookThumbnailing.framework in Frameworks */ = {isa = PBXBuildFile; fileRef = 55BC97342DFF0870008F9F5D /* QuickLookThumbnailing.framework */; };
		55BC97372DFF0870008F9F5D /* Quartz.framework in Frameworks */ = {isa = PBXBuildFile; fileRef = 55BC97362DFF0870008F9F5D /* Quartz.framework */; };
		55BC973F2DFF0870008F9F5D /* Thumbnail.appex in Embed Foundation Extensions */ = {isa = PBXBuildFile; fileRef = 55BC97322DFF0870008F9F5D /* Thumbnail.appex */; settings = {ATTRIBUTES = (RemoveHeadersOnCopy, ); }; };
		55BC97552DFF0BA1008F9F5D /* Core.framework in Frameworks */ = {isa = PBXBuildFile; fileRef = 55BC974A2DFF0BA1008F9F5D /* Core.framework */; };
		55BC975F2DFF0BA1008F9F5D /* Core.framework in Frameworks */ = {isa = PBXBuildFile; fileRef = 55BC974A2DFF0BA1008F9F5D /* Core.framework */; };
		55BC97602DFF0BA1008F9F5D /* Core.framework in Embed Frameworks */ = {isa = PBXBuildFile; fileRef = 55BC974A2DFF0BA1008F9F5D /* Core.framework */; settings = {ATTRIBUTES = (CodeSignOnCopy, RemoveHeadersOnCopy, ); }; };
		55BC97682DFF0BD3008F9F5D /* Core.framework in Frameworks */ = {isa = PBXBuildFile; fileRef = 55BC974A2DFF0BA1008F9F5D /* Core.framework */; };
		55BC97692DFF0BD3008F9F5D /* Core.framework in Embed Frameworks */ = {isa = PBXBuildFile; fileRef = 55BC974A2DFF0BA1008F9F5D /* Core.framework */; settings = {ATTRIBUTES = (CodeSignOnCopy, RemoveHeadersOnCopy, ); }; };
/* End PBXBuildFile section */

/* Begin PBXContainerItemProxy section */
		55BC973D2DFF0870008F9F5D /* PBXContainerItemProxy */ = {
			isa = PBXContainerItemProxy;
			containerPortal = 55BC96F22DFF06C6008F9F5D /* Project object */;
			proxyType = 1;
			remoteGlobalIDString = 55BC97312DFF0870008F9F5D;
			remoteInfo = Thumbnail;
		};
		55BC97562DFF0BA1008F9F5D /* PBXContainerItemProxy */ = {
			isa = PBXContainerItemProxy;
			containerPortal = 55BC96F22DFF06C6008F9F5D /* Project object */;
			proxyType = 1;
			remoteGlobalIDString = 55BC97492DFF0BA1008F9F5D;
			remoteInfo = Core;
		};
		55BC97582DFF0BA1008F9F5D /* PBXContainerItemProxy */ = {
			isa = PBXContainerItemProxy;
			containerPortal = 55BC96F22DFF06C6008F9F5D /* Project object */;
			proxyType = 1;
			remoteGlobalIDString = 55BC96F92DFF06C6008F9F5D;
			remoteInfo = ProvisionQL;
		};
		55BC975D2DFF0BA1008F9F5D /* PBXContainerItemProxy */ = {
			isa = PBXContainerItemProxy;
			containerPortal = 55BC96F22DFF06C6008F9F5D /* Project object */;
			proxyType = 1;
			remoteGlobalIDString = 55BC97492DFF0BA1008F9F5D;
			remoteInfo = Core;
		};
		55BC976A2DFF0BD3008F9F5D /* PBXContainerItemProxy */ = {
			isa = PBXContainerItemProxy;
			containerPortal = 55BC96F22DFF06C6008F9F5D /* Project object */;
			proxyType = 1;
			remoteGlobalIDString = 55BC97492DFF0BA1008F9F5D;
			remoteInfo = Core;
		};
/* End PBXContainerItemProxy section */

/* Begin PBXCopyFilesBuildPhase section */
		55BC97442DFF0870008F9F5D /* Embed Foundation Extensions */ = {
			isa = PBXCopyFilesBuildPhase;
			buildActionMask = 2147483647;
			dstPath = "";
			dstSubfolderSpec = 13;
			files = (
				55BC973F2DFF0870008F9F5D /* Thumbnail.appex in Embed Foundation Extensions */,
			);
			name = "Embed Foundation Extensions";
			runOnlyForDeploymentPostprocessing = 0;
		};
		55BC97642DFF0BA1008F9F5D /* Embed Frameworks */ = {
			isa = PBXCopyFilesBuildPhase;
			buildActionMask = 2147483647;
			dstPath = "";
			dstSubfolderSpec = 10;
			files = (
				55BC97602DFF0BA1008F9F5D /* Core.framework in Embed Frameworks */,
			);
			name = "Embed Frameworks";
			runOnlyForDeploymentPostprocessing = 0;
		};
		55BC976C2DFF0BD4008F9F5D /* Embed Frameworks */ = {
			isa = PBXCopyFilesBuildPhase;
			buildActionMask = 2147483647;
			dstPath = "";
			dstSubfolderSpec = 10;
			files = (
				55BC97692DFF0BD3008F9F5D /* Core.framework in Embed Frameworks */,
			);
			name = "Embed Frameworks";
			runOnlyForDeploymentPostprocessing = 0;
		};
/* End PBXCopyFilesBuildPhase section */

/* Begin PBXFileReference section */
		55BC96FA2DFF06C6008F9F5D /* ProvisionQL.app */ = {isa = PBXFileReference; explicitFileType = wrapper.application; includeInIndex = 0; path = ProvisionQL.app; sourceTree = BUILT_PRODUCTS_DIR; };
		55BC97322DFF0870008F9F5D /* Thumbnail.appex */ = {isa = PBXFileReference; explicitFileType = "wrapper.app-extension"; includeInIndex = 0; path = Thumbnail.appex; sourceTree = BUILT_PRODUCTS_DIR; };
		55BC97342DFF0870008F9F5D /* QuickLookThumbnailing.framework */ = {isa = PBXFileReference; lastKnownFileType = wrapper.framework; name = QuickLookThumbnailing.framework; path = System/Library/Frameworks/QuickLookThumbnailing.framework; sourceTree = SDKROOT; };
		55BC97362DFF0870008F9F5D /* Quartz.framework */ = {isa = PBXFileReference; lastKnownFileType = wrapper.framework; name = Quartz.framework; path = System/Library/Frameworks/Quartz.framework; sourceTree = SDKROOT; };
		55BC974A2DFF0BA1008F9F5D /* Core.framework */ = {isa = PBXFileReference; explicitFileType = wrapper.framework; includeInIndex = 0; path = Core.framework; sourceTree = BUILT_PRODUCTS_DIR; };
		55BC97542DFF0BA1008F9F5D /* CoreTests.xctest */ = {isa = PBXFileReference; explicitFileType = wrapper.cfbundle; includeInIndex = 0; path = CoreTests.xctest; sourceTree = BUILT_PRODUCTS_DIR; };
/* End PBXFileReference section */

/* Begin PBXFileSystemSynchronizedBuildFileExceptionSet section */
		55BC97402DFF0870008F9F5D /* Exceptions for "Thumbnail" folder in "Thumbnail" target */ = {
			isa = PBXFileSystemSynchronizedBuildFileExceptionSet;
			membershipExceptions = (
				Info.plist,
			);
			target = 55BC97312DFF0870008F9F5D /* Thumbnail */;
		};
/* End PBXFileSystemSynchronizedBuildFileExceptionSet section */

/* Begin PBXFileSystemSynchronizedRootGroup section */
		55BC96FC2DFF06C6008F9F5D /* ProvisionQL */ = {
			isa = PBXFileSystemSynchronizedRootGroup;
			path = ProvisionQL;
			sourceTree = "<group>";
		};
		55BC97382DFF0870008F9F5D /* Thumbnail */ = {
			isa = PBXFileSystemSynchronizedRootGroup;
			exceptions = (
				55BC97402DFF0870008F9F5D /* Exceptions for "Thumbnail" folder in "Thumbnail" target */,
			);
			path = Thumbnail;
			sourceTree = "<group>";
		};
		55BC974B2DFF0BA1008F9F5D /* Core */ = {
			isa = PBXFileSystemSynchronizedRootGroup;
			path = Core;
			sourceTree = "<group>";
		};
		55BC975A2DFF0BA1008F9F5D /* CoreTests */ = {
			isa = PBXFileSystemSynchronizedRootGroup;
			path = CoreTests;
			sourceTree = "<group>";
		};
/* End PBXFileSystemSynchronizedRootGroup section */

/* Begin PBXFrameworksBuildPhase section */
		55BC96F72DFF06C6008F9F5D /* Frameworks */ = {
			isa = PBXFrameworksBuildPhase;
			buildActionMask = 2147483647;
			files = (
				55BC975F2DFF0BA1008F9F5D /* Core.framework in Frameworks */,
			);
			runOnlyForDeploymentPostprocessing = 0;
		};
		55BC972F2DFF0870008F9F5D /* Frameworks */ = {
			isa = PBXFrameworksBuildPhase;
			buildActionMask = 2147483647;
			files = (
				55BC97352DFF0870008F9F5D /* QuickLookThumbnailing.framework in Frameworks */,
				55BC97682DFF0BD3008F9F5D /* Core.framework in Frameworks */,
				55BC97372DFF0870008F9F5D /* Quartz.framework in Frameworks */,
			);
			runOnlyForDeploymentPostprocessing = 0;
		};
		55BC97472DFF0BA1008F9F5D /* Frameworks */ = {
			isa = PBXFrameworksBuildPhase;
			buildActionMask = 2147483647;
			files = (
			);
			runOnlyForDeploymentPostprocessing = 0;
		};
		55BC97512DFF0BA1008F9F5D /* Frameworks */ = {
			isa = PBXFrameworksBuildPhase;
			buildActionMask = 2147483647;
			files = (
				55BC97552DFF0BA1008F9F5D /* Core.framework in Frameworks */,
			);
			runOnlyForDeploymentPostprocessing = 0;
		};
/* End PBXFrameworksBuildPhase section */

/* Begin PBXGroup section */
		55BC96F12DFF06C6008F9F5D = {
			isa = PBXGroup;
			children = (
				55BC96FC2DFF06C6008F9F5D /* ProvisionQL */,
				55BC97382DFF0870008F9F5D /* Thumbnail */,
				55BC974B2DFF0BA1008F9F5D /* Core */,
				55BC975A2DFF0BA1008F9F5D /* CoreTests */,
				55BC97332DFF0870008F9F5D /* Frameworks */,
				55BC96FB2DFF06C6008F9F5D /* Products */,
			);
			sourceTree = "<group>";
		};
		55BC96FB2DFF06C6008F9F5D /* Products */ = {
			isa = PBXGroup;
			children = (
				55BC96FA2DFF06C6008F9F5D /* ProvisionQL.app */,
				55BC97322DFF0870008F9F5D /* Thumbnail.appex */,
				55BC974A2DFF0BA1008F9F5D /* Core.framework */,
				55BC97542DFF0BA1008F9F5D /* CoreTests.xctest */,
			);
			name = Products;
			sourceTree = "<group>";
		};
		55BC97332DFF0870008F9F5D /* Frameworks */ = {
			isa = PBXGroup;
			children = (
				55BC97342DFF0870008F9F5D /* QuickLookThumbnailing.framework */,
				55BC97362DFF0870008F9F5D /* Quartz.framework */,
			);
			name = Frameworks;
			sourceTree = "<group>";
		};
/* End PBXGroup section */

/* Begin PBXHeadersBuildPhase section */
		55BC97452DFF0BA1008F9F5D /* Headers */ = {
			isa = PBXHeadersBuildPhase;
			buildActionMask = 2147483647;
			files = (
			);
			runOnlyForDeploymentPostprocessing = 0;
		};
/* End PBXHeadersBuildPhase section */

/* Begin PBXNativeTarget section */
		55BC96F92DFF06C6008F9F5D /* ProvisionQL */ = {
			isa = PBXNativeTarget;
			buildConfigurationList = 55BC971C2DFF06C7008F9F5D /* Build configuration list for PBXNativeTarget "ProvisionQL" */;
			buildPhases = (
				55BC96F62DFF06C6008F9F5D /* Sources */,
				55BC96F72DFF06C6008F9F5D /* Frameworks */,
				55BC96F82DFF06C6008F9F5D /* Resources */,
				55BC97442DFF0870008F9F5D /* Embed Foundation Extensions */,
				55BC97642DFF0BA1008F9F5D /* Embed Frameworks */,
			);
			buildRules = (
			);
			dependencies = (
				55BC973E2DFF0870008F9F5D /* PBXTargetDependency */,
				55BC975E2DFF0BA1008F9F5D /* PBXTargetDependency */,
			);
			fileSystemSynchronizedGroups = (
				55BC96FC2DFF06C6008F9F5D /* ProvisionQL */,
			);
			name = ProvisionQL;
			packageProductDependencies = (
			);
			productName = ProvisionQL;
			productReference = 55BC96FA2DFF06C6008F9F5D /* ProvisionQL.app */;
			productType = "com.apple.product-type.application";
		};
		55BC97312DFF0870008F9F5D /* Thumbnail */ = {
			isa = PBXNativeTarget;
			buildConfigurationList = 55BC97412DFF0870008F9F5D /* Build configuration list for PBXNativeTarget "Thumbnail" */;
			buildPhases = (
				55BC972E2DFF0870008F9F5D /* Sources */,
				55BC972F2DFF0870008F9F5D /* Frameworks */,
				55BC97302DFF0870008F9F5D /* Resources */,
				55BC976C2DFF0BD4008F9F5D /* Embed Frameworks */,
			);
			buildRules = (
			);
			dependencies = (
				55BC976B2DFF0BD3008F9F5D /* PBXTargetDependency */,
			);
			fileSystemSynchronizedGroups = (
				55BC97382DFF0870008F9F5D /* Thumbnail */,
			);
			name = Thumbnail;
			packageProductDependencies = (
			);
			productName = Thumbnail;
			productReference = 55BC97322DFF0870008F9F5D /* Thumbnail.appex */;
			productType = "com.apple.product-type.app-extension";
		};
		55BC97492DFF0BA1008F9F5D /* Core */ = {
			isa = PBXNativeTarget;
			buildConfigurationList = 55BC97612DFF0BA1008F9F5D /* Build configuration list for PBXNativeTarget "Core" */;
			buildPhases = (
				55BC97452DFF0BA1008F9F5D /* Headers */,
				55BC97462DFF0BA1008F9F5D /* Sources */,
				55BC97472DFF0BA1008F9F5D /* Frameworks */,
				55BC97482DFF0BA1008F9F5D /* Resources */,
			);
			buildRules = (
			);
			dependencies = (
			);
			fileSystemSynchronizedGroups = (
				55BC974B2DFF0BA1008F9F5D /* Core */,
			);
			name = Core;
			packageProductDependencies = (
			);
			productName = Core;
			productReference = 55BC974A2DFF0BA1008F9F5D /* Core.framework */;
			productType = "com.apple.product-type.framework";
		};
		55BC97532DFF0BA1008F9F5D /* CoreTests */ = {
			isa = PBXNativeTarget;
			buildConfigurationList = 55BC97652DFF0BA1008F9F5D /* Build configuration list for PBXNativeTarget "CoreTests" */;
			buildPhases = (
				55BC97502DFF0BA1008F9F5D /* Sources */,
				55BC97512DFF0BA1008F9F5D /* Frameworks */,
				55BC97522DFF0BA1008F9F5D /* Resources */,
			);
			buildRules = (
			);
			dependencies = (
				55BC97572DFF0BA1008F9F5D /* PBXTargetDependency */,
				55BC97592DFF0BA1008F9F5D /* PBXTargetDependency */,
			);
			fileSystemSynchronizedGroups = (
				55BC975A2DFF0BA1008F9F5D /* CoreTests */,
			);
			name = CoreTests;
			packageProductDependencies = (
			);
			productName = CoreTests;
			productReference = 55BC97542DFF0BA1008F9F5D /* CoreTests.xctest */;
			productType = "com.apple.product-type.bundle.unit-test";
		};
/* End PBXNativeTarget section */

/* Begin PBXProject section */
		55BC96F22DFF06C6008F9F5D /* Project object */ = {
			isa = PBXProject;
			attributes = {
				BuildIndependentTargetsInParallel = 1;
				LastSwiftUpdateCheck = 1640;
				LastUpgradeCheck = 1640;
				TargetAttributes = {
					55BC96F92DFF06C6008F9F5D = {
						CreatedOnToolsVersion = 16.4;
					};
					55BC97312DFF0870008F9F5D = {
						CreatedOnToolsVersion = 16.4;
					};
					55BC97492DFF0BA1008F9F5D = {
						CreatedOnToolsVersion = 16.4;
					};
					55BC97532DFF0BA1008F9F5D = {
						CreatedOnToolsVersion = 16.4;
						TestTargetID = 55BC96F92DFF06C6008F9F5D;
					};
				};
			};
			buildConfigurationList = 55BC96F52DFF06C6008F9F5D /* Build configuration list for PBXProject "ProvisionQL" */;
			developmentRegion = en;
			hasScannedForEncodings = 0;
			knownRegions = (
				en,
				Base,
			);
			mainGroup = 55BC96F12DFF06C6008F9F5D;
			minimizedProjectReferenceProxies = 1;
			preferredProjectObjectVersion = 77;
			productRefGroup = 55BC96FB2DFF06C6008F9F5D /* Products */;
			projectDirPath = "";
			projectRoot = "";
			targets = (
				55BC96F92DFF06C6008F9F5D /* ProvisionQL */,
				55BC97312DFF0870008F9F5D /* Thumbnail */,
				55BC97492DFF0BA1008F9F5D /* Core */,
				55BC97532DFF0BA1008F9F5D /* CoreTests */,
			);
		};
/* End PBXProject section */

/* Begin PBXResourcesBuildPhase section */
		55BC96F82DFF06C6008F9F5D /* Resources */ = {
			isa = PBXResourcesBuildPhase;
			buildActionMask = 2147483647;
			files = (
			);
			runOnlyForDeploymentPostprocessing = 0;
		};
		55BC97302DFF0870008F9F5D /* Resources */ = {
			isa = PBXResourcesBuildPhase;
			buildActionMask = 2147483647;
			files = (
			);
			runOnlyForDeploymentPostprocessing = 0;
		};
		55BC97482DFF0BA1008F9F5D /* Resources */ = {
			isa = PBXResourcesBuildPhase;
			buildActionMask = 2147483647;
			files = (
			);
			runOnlyForDeploymentPostprocessing = 0;
		};
		55BC97522DFF0BA1008F9F5D /* Resources */ = {
			isa = PBXResourcesBuildPhase;
			buildActionMask = 2147483647;
			files = (
			);
			runOnlyForDeploymentPostprocessing = 0;
		};
/* End PBXResourcesBuildPhase section */

/* Begin PBXSourcesBuildPhase section */
		55BC96F62DFF06C6008F9F5D /* Sources */ = {
			isa = PBXSourcesBuildPhase;
			buildActionMask = 2147483647;
			files = (
			);
			runOnlyForDeploymentPostprocessing = 0;
		};
		55BC972E2DFF0870008F9F5D /* Sources */ = {
			isa = PBXSourcesBuildPhase;
			buildActionMask = 2147483647;
			files = (
			);
			runOnlyForDeploymentPostprocessing = 0;
		};
		55BC97462DFF0BA1008F9F5D /* Sources */ = {
			isa = PBXSourcesBuildPhase;
			buildActionMask = 2147483647;
			files = (
			);
			runOnlyForDeploymentPostprocessing = 0;
		};
		55BC97502DFF0BA1008F9F5D /* Sources */ = {
			isa = PBXSourcesBuildPhase;
			buildActionMask = 2147483647;
			files = (
			);
			runOnlyForDeploymentPostprocessing = 0;
		};
/* End PBXSourcesBuildPhase section */

/* Begin PBXTargetDependency section */
		55BC973E2DFF0870008F9F5D /* PBXTargetDependency */ = {
			isa = PBXTargetDependency;
			target = 55BC97312DFF0870008F9F5D /* Thumbnail */;
			targetProxy = 55BC973D2DFF0870008F9F5D /* PBXContainerItemProxy */;
		};
		55BC97572DFF0BA1008F9F5D /* PBXTargetDependency */ = {
			isa = PBXTargetDependency;
			target = 55BC97492DFF0BA1008F9F5D /* Core */;
			targetProxy = 55BC97562DFF0BA1008F9F5D /* PBXContainerItemProxy */;
		};
		55BC97592DFF0BA1008F9F5D /* PBXTargetDependency */ = {
			isa = PBXTargetDependency;
			target = 55BC96F92DFF06C6008F9F5D /* ProvisionQL */;
			targetProxy = 55BC97582DFF0BA1008F9F5D /* PBXContainerItemProxy */;
		};
		55BC975E2DFF0BA1008F9F5D /* PBXTargetDependency */ = {
			isa = PBXTargetDependency;
			target = 55BC97492DFF0BA1008F9F5D /* Core */;
			targetProxy = 55BC975D2DFF0BA1008F9F5D /* PBXContainerItemProxy */;
		};
		55BC976B2DFF0BD3008F9F5D /* PBXTargetDependency */ = {
			isa = PBXTargetDependency;
			target = 55BC97492DFF0BA1008F9F5D /* Core */;
			targetProxy = 55BC976A2DFF0BD3008F9F5D /* PBXContainerItemProxy */;
		};
/* End PBXTargetDependency section */

/* Begin XCBuildConfiguration section */
		55BC971A2DFF06C7008F9F5D /* Debug */ = {
			isa = XCBuildConfiguration;
			buildSettings = {
				ALWAYS_SEARCH_USER_PATHS = NO;
				ASSETCATALOG_COMPILER_GENERATE_SWIFT_ASSET_SYMBOL_EXTENSIONS = YES;
				CLANG_ANALYZER_NONNULL = YES;
				CLANG_ANALYZER_NUMBER_OBJECT_CONVERSION = YES_AGGRESSIVE;
				CLANG_CXX_LANGUAGE_STANDARD = "gnu++20";
				CLANG_ENABLE_MODULES = YES;
				CLANG_ENABLE_OBJC_ARC = YES;
				CLANG_ENABLE_OBJC_WEAK = YES;
				CLANG_WARN_BLOCK_CAPTURE_AUTORELEASING = YES;
				CLANG_WARN_BOOL_CONVERSION = YES;
				CLANG_WARN_COMMA = YES;
				CLANG_WARN_CONSTANT_CONVERSION = YES;
				CLANG_WARN_DEPRECATED_OBJC_IMPLEMENTATIONS = YES;
				CLANG_WARN_DIRECT_OBJC_ISA_USAGE = YES_ERROR;
				CLANG_WARN_DOCUMENTATION_COMMENTS = YES;
				CLANG_WARN_EMPTY_BODY = YES;
				CLANG_WARN_ENUM_CONVERSION = YES;
				CLANG_WARN_INFINITE_RECURSION = YES;
				CLANG_WARN_INT_CONVERSION = YES;
				CLANG_WARN_NON_LITERAL_NULL_CONVERSION = YES;
				CLANG_WARN_OBJC_IMPLICIT_RETAIN_SELF = YES;
				CLANG_WARN_OBJC_LITERAL_CONVERSION = YES;
				CLANG_WARN_OBJC_ROOT_CLASS = YES_ERROR;
				CLANG_WARN_QUOTED_INCLUDE_IN_FRAMEWORK_HEADER = YES;
				CLANG_WARN_RANGE_LOOP_ANALYSIS = YES;
				CLANG_WARN_STRICT_PROTOTYPES = YES;
				CLANG_WARN_SUSPICIOUS_MOVE = YES;
				CLANG_WARN_UNGUARDED_AVAILABILITY = YES_AGGRESSIVE;
				CLANG_WARN_UNREACHABLE_CODE = YES;
				CLANG_WARN__DUPLICATE_METHOD_MATCH = YES;
				COPY_PHASE_STRIP = NO;
				CURRENT_PROJECT_VERSION = 1;
				DEBUG_INFORMATION_FORMAT = dwarf;
				DEVELOPMENT_TEAM = 5567X9EQ9Q;
				ENABLE_STRICT_OBJC_MSGSEND = YES;
				ENABLE_TESTABILITY = YES;
				ENABLE_USER_SCRIPT_SANDBOXING = YES;
				GCC_C_LANGUAGE_STANDARD = gnu17;
				GCC_DYNAMIC_NO_PIC = NO;
				GCC_NO_COMMON_BLOCKS = YES;
				GCC_OPTIMIZATION_LEVEL = 0;
				GCC_PREPROCESSOR_DEFINITIONS = (
					"DEBUG=1",
					"$(inherited)",
				);
				GCC_WARN_64_TO_32_BIT_CONVERSION = YES;
				GCC_WARN_ABOUT_RETURN_TYPE = YES_ERROR;
				GCC_WARN_UNDECLARED_SELECTOR = YES;
				GCC_WARN_UNINITIALIZED_AUTOS = YES_AGGRESSIVE;
				GCC_WARN_UNUSED_FUNCTION = YES;
				GCC_WARN_UNUSED_VARIABLE = YES;
				LOCALIZATION_PREFERS_STRING_CATALOGS = YES;
				MACOSX_DEPLOYMENT_TARGET = 15.0;
				MARKETING_VERSION = 1.0;
				MTL_ENABLE_DEBUG_INFO = INCLUDE_SOURCE;
				MTL_FAST_MATH = YES;
				ONLY_ACTIVE_ARCH = YES;
				SDKROOT = macosx;
				SWIFT_ACTIVE_COMPILATION_CONDITIONS = "DEBUG $(inherited)";
				SWIFT_EMIT_LOC_STRINGS = YES;
				SWIFT_OPTIMIZATION_LEVEL = "-Onone";
				SWIFT_VERSION = 6.0;
			};
			name = Debug;
		};
		55BC971B2DFF06C7008F9F5D /* Release */ = {
			isa = XCBuildConfiguration;
			buildSettings = {
				ALWAYS_SEARCH_USER_PATHS = NO;
				ASSETCATALOG_COMPILER_GENERATE_SWIFT_ASSET_SYMBOL_EXTENSIONS = YES;
				CLANG_ANALYZER_NONNULL = YES;
				CLANG_ANALYZER_NUMBER_OBJECT_CONVERSION = YES_AGGRESSIVE;
				CLANG_CXX_LANGUAGE_STANDARD = "gnu++20";
				CLANG_ENABLE_MODULES = YES;
				CLANG_ENABLE_OBJC_ARC = YES;
				CLANG_ENABLE_OBJC_WEAK = YES;
				CLANG_WARN_BLOCK_CAPTURE_AUTORELEASING = YES;
				CLANG_WARN_BOOL_CONVERSION = YES;
				CLANG_WARN_COMMA = YES;
				CLANG_WARN_CONSTANT_CONVERSION = YES;
				CLANG_WARN_DEPRECATED_OBJC_IMPLEMENTATIONS = YES;
				CLANG_WARN_DIRECT_OBJC_ISA_USAGE = YES_ERROR;
				CLANG_WARN_DOCUMENTATION_COMMENTS = YES;
				CLANG_WARN_EMPTY_BODY = YES;
				CLANG_WARN_ENUM_CONVERSION = YES;
				CLANG_WARN_INFINITE_RECURSION = YES;
				CLANG_WARN_INT_CONVERSION = YES;
				CLANG_WARN_NON_LITERAL_NULL_CONVERSION = YES;
				CLANG_WARN_OBJC_IMPLICIT_RETAIN_SELF = YES;
				CLANG_WARN_OBJC_LITERAL_CONVERSION = YES;
				CLANG_WARN_OBJC_ROOT_CLASS = YES_ERROR;
				CLANG_WARN_QUOTED_INCLUDE_IN_FRAMEWORK_HEADER = YES;
				CLANG_WARN_RANGE_LOOP_ANALYSIS = YES;
				CLANG_WARN_STRICT_PROTOTYPES = YES;
				CLANG_WARN_SUSPICIOUS_MOVE = YES;
				CLANG_WARN_UNGUARDED_AVAILABILITY = YES_AGGRESSIVE;
				CLANG_WARN_UNREACHABLE_CODE = YES;
				CLANG_WARN__DUPLICATE_METHOD_MATCH = YES;
				COPY_PHASE_STRIP = NO;
				CURRENT_PROJECT_VERSION = 1;
				DEBUG_INFORMATION_FORMAT = "dwarf-with-dsym";
				DEVELOPMENT_TEAM = 5567X9EQ9Q;
				ENABLE_NS_ASSERTIONS = NO;
				ENABLE_STRICT_OBJC_MSGSEND = YES;
				ENABLE_USER_SCRIPT_SANDBOXING = YES;
				GCC_C_LANGUAGE_STANDARD = gnu17;
				GCC_NO_COMMON_BLOCKS = YES;
				GCC_WARN_64_TO_32_BIT_CONVERSION = YES;
				GCC_WARN_ABOUT_RETURN_TYPE = YES_ERROR;
				GCC_WARN_UNDECLARED_SELECTOR = YES;
				GCC_WARN_UNINITIALIZED_AUTOS = YES_AGGRESSIVE;
				GCC_WARN_UNUSED_FUNCTION = YES;
				GCC_WARN_UNUSED_VARIABLE = YES;
				LOCALIZATION_PREFERS_STRING_CATALOGS = YES;
				MACOSX_DEPLOYMENT_TARGET = 15.0;
				MARKETING_VERSION = 1.0;
				MTL_ENABLE_DEBUG_INFO = NO;
				MTL_FAST_MATH = YES;
				SDKROOT = macosx;
				SWIFT_COMPILATION_MODE = wholemodule;
				SWIFT_EMIT_LOC_STRINGS = YES;
				SWIFT_VERSION = 6.0;
			};
			name = Release;
		};
		55BC971D2DFF06C7008F9F5D /* Debug */ = {
			isa = XCBuildConfiguration;
			buildSettings = {
				ASSETCATALOG_COMPILER_APPICON_NAME = AppIcon;
				ASSETCATALOG_COMPILER_GLOBAL_ACCENT_COLOR_NAME = AccentColor;
				CODE_SIGN_ENTITLEMENTS = ProvisionQL/ProvisionQL.entitlements;
				CODE_SIGN_STYLE = Automatic;
				COMBINE_HIDPI_IMAGES = YES;
				DEVELOPMENT_TEAM = 5567X9EQ9Q;
				ENABLE_HARDENED_RUNTIME = YES;
				ENABLE_PREVIEWS = YES;
				GENERATE_INFOPLIST_FILE = YES;
				INFOPLIST_KEY_NSHumanReadableCopyright = "";
				LD_RUNPATH_SEARCH_PATHS = (
					"$(inherited)",
					"@executable_path/../Frameworks",
				);
				PRODUCT_BUNDLE_IDENTIFIER = com.ealeksandrov.ProvisionQL;
				PRODUCT_NAME = "$(TARGET_NAME)";
				REGISTER_APP_GROUPS = YES;
			};
			name = Debug;
		};
		55BC971E2DFF06C7008F9F5D /* Release */ = {
			isa = XCBuildConfiguration;
			buildSettings = {
				ASSETCATALOG_COMPILER_APPICON_NAME = AppIcon;
				ASSETCATALOG_COMPILER_GLOBAL_ACCENT_COLOR_NAME = AccentColor;
				CODE_SIGN_ENTITLEMENTS = ProvisionQL/ProvisionQL.entitlements;
				CODE_SIGN_STYLE = Automatic;
				COMBINE_HIDPI_IMAGES = YES;
				DEVELOPMENT_TEAM = 5567X9EQ9Q;
				ENABLE_HARDENED_RUNTIME = YES;
				ENABLE_PREVIEWS = YES;
				GENERATE_INFOPLIST_FILE = YES;
				INFOPLIST_KEY_NSHumanReadableCopyright = "";
				LD_RUNPATH_SEARCH_PATHS = (
					"$(inherited)",
					"@executable_path/../Frameworks",
				);
				PRODUCT_BUNDLE_IDENTIFIER = com.ealeksandrov.ProvisionQL;
				PRODUCT_NAME = "$(TARGET_NAME)";
				REGISTER_APP_GROUPS = YES;
			};
			name = Release;
		};
		55BC97422DFF0870008F9F5D /* Debug */ = {
			isa = XCBuildConfiguration;
			buildSettings = {
				CODE_SIGN_ENTITLEMENTS = Thumbnail/Thumbnail.entitlements;
				CODE_SIGN_STYLE = Automatic;
				DEVELOPMENT_TEAM = 5567X9EQ9Q;
				ENABLE_HARDENED_RUNTIME = YES;
				GENERATE_INFOPLIST_FILE = YES;
				INFOPLIST_FILE = Thumbnail/Info.plist;
				INFOPLIST_KEY_CFBundleDisplayName = Thumbnail;
				INFOPLIST_KEY_NSHumanReadableCopyright = "";
				LD_RUNPATH_SEARCH_PATHS = (
					"$(inherited)",
					"@executable_path/../Frameworks",
					"@executable_path/../../../../Frameworks",
				);
				PRODUCT_BUNDLE_IDENTIFIER = com.ealeksandrov.ProvisionQL.Thumbnail;
				PRODUCT_NAME = "$(TARGET_NAME)";
				SKIP_INSTALL = YES;
			};
			name = Debug;
		};
		55BC97432DFF0870008F9F5D /* Release */ = {
			isa = XCBuildConfiguration;
			buildSettings = {
				CODE_SIGN_ENTITLEMENTS = Thumbnail/Thumbnail.entitlements;
				CODE_SIGN_STYLE = Automatic;
				DEVELOPMENT_TEAM = 5567X9EQ9Q;
				ENABLE_HARDENED_RUNTIME = YES;
				GENERATE_INFOPLIST_FILE = YES;
				INFOPLIST_FILE = Thumbnail/Info.plist;
				INFOPLIST_KEY_CFBundleDisplayName = Thumbnail;
				INFOPLIST_KEY_NSHumanReadableCopyright = "";
				LD_RUNPATH_SEARCH_PATHS = (
					"$(inherited)",
					"@executable_path/../Frameworks",
					"@executable_path/../../../../Frameworks",
				);
				PRODUCT_BUNDLE_IDENTIFIER = com.ealeksandrov.ProvisionQL.Thumbnail;
				PRODUCT_NAME = "$(TARGET_NAME)";
				SKIP_INSTALL = YES;
			};
			name = Release;
		};
		55BC97622DFF0BA1008F9F5D /* Debug */ = {
			isa = XCBuildConfiguration;
			buildSettings = {
				BUILD_LIBRARY_FOR_DISTRIBUTION = YES;
				CODE_SIGN_STYLE = Automatic;
				COMBINE_HIDPI_IMAGES = YES;
				DEVELOPMENT_TEAM = 5567X9EQ9Q;
				DYLIB_COMPATIBILITY_VERSION = 1;
				DYLIB_CURRENT_VERSION = 1;
				DYLIB_INSTALL_NAME_BASE = "@rpath";
				ENABLE_MODULE_VERIFIER = YES;
				GENERATE_INFOPLIST_FILE = YES;
				INFOPLIST_KEY_NSHumanReadableCopyright = "";
				INSTALL_PATH = "$(LOCAL_LIBRARY_DIR)/Frameworks";
				LD_RUNPATH_SEARCH_PATHS = (
					"$(inherited)",
					"@executable_path/../Frameworks",
					"@loader_path/Frameworks",
				);
				MODULE_VERIFIER_SUPPORTED_LANGUAGES = "objective-c objective-c++";
				MODULE_VERIFIER_SUPPORTED_LANGUAGE_STANDARDS = "gnu17 gnu++20";
				PRODUCT_BUNDLE_IDENTIFIER = com.ealeksandrov.ProvisionQL.Core;
				PRODUCT_NAME = "$(TARGET_NAME:c99extidentifier)";
				SKIP_INSTALL = YES;
				SWIFT_INSTALL_MODULE = YES;
				SWIFT_INSTALL_OBJC_HEADER = NO;
			};
			name = Debug;
		};
		55BC97632DFF0BA1008F9F5D /* Release */ = {
			isa = XCBuildConfiguration;
			buildSettings = {
				BUILD_LIBRARY_FOR_DISTRIBUTION = YES;
				CODE_SIGN_STYLE = Automatic;
				COMBINE_HIDPI_IMAGES = YES;
				DEVELOPMENT_TEAM = 5567X9EQ9Q;
				DYLIB_COMPATIBILITY_VERSION = 1;
				DYLIB_CURRENT_VERSION = 1;
				DYLIB_INSTALL_NAME_BASE = "@rpath";
				ENABLE_MODULE_VERIFIER = YES;
				GENERATE_INFOPLIST_FILE = YES;
				INFOPLIST_KEY_NSHumanReadableCopyright = "";
				INSTALL_PATH = "$(LOCAL_LIBRARY_DIR)/Frameworks";
				LD_RUNPATH_SEARCH_PATHS = (
					"$(inherited)",
					"@executable_path/../Frameworks",
					"@loader_path/Frameworks",
				);
				MODULE_VERIFIER_SUPPORTED_LANGUAGES = "objective-c objective-c++";
				MODULE_VERIFIER_SUPPORTED_LANGUAGE_STANDARDS = "gnu17 gnu++20";
				PRODUCT_BUNDLE_IDENTIFIER = com.ealeksandrov.ProvisionQL.Core;
				PRODUCT_NAME = "$(TARGET_NAME:c99extidentifier)";
				SKIP_INSTALL = YES;
				SWIFT_INSTALL_MODULE = YES;
				SWIFT_INSTALL_OBJC_HEADER = NO;
			};
			name = Release;
		};
		55BC97662DFF0BA1008F9F5D /* Debug */ = {
			isa = XCBuildConfiguration;
			buildSettings = {
				CODE_SIGN_STYLE = Automatic;
				DEVELOPMENT_TEAM = 5567X9EQ9Q;
				GENERATE_INFOPLIST_FILE = YES;
				PRODUCT_BUNDLE_IDENTIFIER = com.ealeksandrov.ProvisionQL.CoreTests;
				PRODUCT_NAME = "$(TARGET_NAME)";
				SWIFT_EMIT_LOC_STRINGS = NO;
				TEST_HOST = "$(BUILT_PRODUCTS_DIR)/ProvisionQL.app/$(BUNDLE_EXECUTABLE_FOLDER_PATH)/ProvisionQL";
			};
			name = Debug;
		};
		55BC97672DFF0BA1008F9F5D /* Release */ = {
			isa = XCBuildConfiguration;
			buildSettings = {
				CODE_SIGN_STYLE = Automatic;
				DEVELOPMENT_TEAM = 5567X9EQ9Q;
				GENERATE_INFOPLIST_FILE = YES;
				PRODUCT_BUNDLE_IDENTIFIER = com.ealeksandrov.ProvisionQL.CoreTests;
				PRODUCT_NAME = "$(TARGET_NAME)";
				SWIFT_EMIT_LOC_STRINGS = NO;
				TEST_HOST = "$(BUILT_PRODUCTS_DIR)/ProvisionQL.app/$(BUNDLE_EXECUTABLE_FOLDER_PATH)/ProvisionQL";
			};
			name = Release;
		};
/* End XCBuildConfiguration section */

/* Begin XCConfigurationList section */
		55BC96F52DFF06C6008F9F5D /* Build configuration list for PBXProject "ProvisionQL" */ = {
			isa = XCConfigurationList;
			buildConfigurations = (
				55BC971A2DFF06C7008F9F5D /* Debug */,
				55BC971B2DFF06C7008F9F5D /* Release */,
			);
			defaultConfigurationIsVisible = 0;
			defaultConfigurationName = Release;
		};
		55BC971C2DFF06C7008F9F5D /* Build configuration list for PBXNativeTarget "ProvisionQL" */ = {
			isa = XCConfigurationList;
			buildConfigurations = (
				55BC971D2DFF06C7008F9F5D /* Debug */,
				55BC971E2DFF06C7008F9F5D /* Release */,
			);
			defaultConfigurationIsVisible = 0;
			defaultConfigurationName = Release;
		};
		55BC97412DFF0870008F9F5D /* Build configuration list for PBXNativeTarget "Thumbnail" */ = {
			isa = XCConfigurationList;
			buildConfigurations = (
				55BC97422DFF0870008F9F5D /* Debug */,
				55BC97432DFF0870008F9F5D /* Release */,
			);
			defaultConfigurationIsVisible = 0;
			defaultConfigurationName = Release;
		};
		55BC97612DFF0BA1008F9F5D /* Build configuration list for PBXNativeTarget "Core" */ = {
			isa = XCConfigurationList;
			buildConfigurations = (
				55BC97622DFF0BA1008F9F5D /* Debug */,
				55BC97632DFF0BA1008F9F5D /* Release */,
			);
			defaultConfigurationIsVisible = 0;
			defaultConfigurationName = Release;
		};
		55BC97652DFF0BA1008F9F5D /* Build configuration list for PBXNativeTarget "CoreTests" */ = {
			isa = XCConfigurationList;
			buildConfigurations = (
				55BC97662DFF0BA1008F9F5D /* Debug */,
				55BC97672DFF0BA1008F9F5D /* Release */,
			);
			defaultConfigurationIsVisible = 0;
			defaultConfigurationName = Release;
		};
/* End XCConfigurationList section */
	};
	rootObject = 55BC96F22DFF06C6008F9F5D /* Project object */;
}
